
Microsoft Visual Studio Solution File, Format Version 12.00
Project("{FAE04EC0-301F-11D3-BF4B-00C04F79EFBC}") = "TaskFlow.Domain", "TaskFlow.Domain.csproj", "{52BA9D13-43BB-4428-A429-E01880A57CCD}"
EndProject
Global
	GlobalSection(SolutionConfigurationPlatforms) = preSolution
		Debug|Any CPU = Debug|Any CPU
		Release|Any CPU = Release|Any CPU
	EndGlobalSection
	GlobalSection(ProjectConfigurationPlatforms) = postSolution
		{52BA9D13-43BB-4428-A429-E01880A57CCD}.Debug|Any CPU.ActiveCfg = Debug|Any CPU
		{52BA9D13-43BB-4428-A429-E01880A57CCD}.Debug|Any CPU.Build.0 = Debug|Any CPU
		{52BA9D13-43BB-4428-A429-E01880A57CCD}.Release|Any CPU.ActiveCfg = Release|Any CPU
		{52BA9D13-43BB-4428-A429-E01880A57CCD}.Release|Any CPU.Build.0 = Release|Any CPU
	EndGlobalSection
EndGlobal
